Microsoft Visual Studio Solution File, Format Version 8.00
Project("{8BC9CEB8-8B4A-11D0-8D11-00A0C91BC942}") = "SeqAn_Snapshot", "SeqAn_Snapshot.vcproj", "{876F8CEE-97E4-41CA-B369-828F5BA5BEDB}"
	ProjectSection(ProjectDependencies) = postProject
	EndProjectSection
EndProject
Global
	GlobalSection(SolutionConfiguration) = preSolution
		Debug = Debug
		Release = Release
	EndGlobalSection
	GlobalSection(ProjectConfiguration) = postSolution
		{876F8CEE-97E4-41CA-B369-828F5BA5BEDB}.Debug.ActiveCfg = Debug|Win32
		{876F8CEE-97E4-41CA-B369-828F5BA5BEDB}.Debug.Build.0 = Debug|Win32
		{876F8CEE-97E4-41CA-B369-828F5BA5BEDB}.Release.ActiveCfg = Release|Win32
		{876F8CEE-97E4-41CA-B369-828F5BA5BEDB}.Release.Build.0 = Release|Win32
	EndGlobalSection
	GlobalSection(ExtensibilityGlobals) = postSolution
	EndGlobalSection
	GlobalSection(ExtensibilityAddIns) = postSolution
	EndGlobalSection
EndGlobal
